Microsoft Visual Studio Solution File, Format Version 12.00
# Visual Studio Version 17
VisualStudioVersion = 17.5.2.0
MinimumVisualStudioVersion = 10.0.40219.1
Project("{FAE04EC0-301F-11D3-BF4B-00C04F79EFBC}") = "advanced_friendlyfire", "advanced_friendlyfire.csproj", "{C971C645-53C8-0671-FFE2-CA292A569F85}"
EndProject
Global
	GlobalSection(SolutionConfigurationPlatforms) = preSolution
		Debug|Any CPU = Debug|Any CPU
		Release|Any CPU = Release|Any CPU
	EndGlobalSection
	GlobalSection(ProjectConfigurationPlatforms) = postSolution
		{C971C645-53C8-0671-FFE2-CA292A569F85}.Debug|Any CPU.ActiveCfg = Debug|Any CPU
		{C971C645-53C8-0671-FFE2-CA292A569F85}.Debug|Any CPU.Build.0 = Debug|Any CPU
		{C971C645-53C8-0671-FFE2-CA292A569F85}.Release|Any CPU.ActiveCfg = Release|Any CPU
		{C971C645-53C8-0671-FFE2-CA292A569F85}.Release|Any CPU.Build.0 = Release|Any CPU
	EndGlobalSection
	GlobalSection(SolutionProperties) = preSolution
		HideSolutionNode = FALSE
	EndGlobalSection
	GlobalSection(ExtensibilityGlobals) = postSolution
		SolutionGuid = {F18F1407-9A15-4552-802D-4E9673485785}
	EndGlobalSection
EndGlobal
